github.com/bwmarrin/snowflake v0.3.0 h1:xm67bEhkKh6ij1790JB83OujPR5CzNe8QuQqAgISZN0=
github.com/bwmarrin/snowflake v0.3.0/go.mod h1:NdZxfVWX+oR6y2K0o6qAYv6gIOP9rjG0/E9WsDpxqwE=
github.com/davecgh/go-spew v1.1.1 h1:vj9j/u1bqnvCEfJOwUhtlOARqs3+rkHYY13jYWTU97c=
github.com/davecgh/go-spew v1.1.1/go.mod h1:J7Y8YcW2NihsgmVo/mv3lAwl/skON4iLHjSsI+c5H38=
github.com/deemount/gobpmnBuilder v0.1.0-beta.2 h1:H/PDzHICwhE1eWdtyFtun1dR2MsCDAg0dgpjNIYAdag=
github.com/deemount/gobpmnBuilder v0.1.0-beta.2/go.mod h1:iJN4bMeM2N73gWvFDwlnfZzW7m9XvUAayIbGjwsqHrA=
github.com/deemount/gobpmnCounter v0.0.0-20240323202826-3c9d89d57209 h1:OQrfNyNXTkQ3zZp2gMHmXcAVViQ+PBvh8XXZVdwyoaM=
github.com/deemount/gobpmnCounter v0.0.0-20240323202826-3c9d89d57209/go.mod h1:2jTn+2u8LJPvBGfoYh+ac+Eme1v3kroTLpLPfQ3InsA=
github.com/deemount/gobpmnDiagram v0.0.0-20240323203112-af72eb698e44 h1:V0tQlyvWNMxgMg+UWBnkw/xpqO5JYjoxB7RCUFsB5Lk=
github.com/deemount/gobpmnDiagram v0.0.0-20240323203112-af72eb698e44/go.mod h1:SYmn4veXrTrN7Vj9Wn6wq0nMvRefpag3c4bW6SvQ2QM=
github.com/deemount/gobpmnLab v0.0.0-20240315112048-4957ab866d72 h1:FsgUe2zT77yrg9x+2BXdlVR8KeTg+U9LJfIwZvJWkFw=
github.com/deemount/gobpmnLab v0.0.0-20240315112048-4957ab866d72/go.mod h1:ORZfOMseU636r7G6moD4DrPuerm8/NFy4f+W1Tt/fys=
github.com/deemount/gobpmnModels v0.0.0-20240323202113-62f23350e68e h1:YOUPd7R1qRy35g30d7j8j4oZB2O4BYZmsLBSYM/wiCo=
github.com/deemount/gobpmnModels v0.0.0-20240323202113-62f23350e68e/go.mod h1:heUauQw1Am5twPG32FQVdr6fFtfLE8wNkADX44YFSXA=
github.com/deemount/gobpmnReflection v0.0.0-20240323202924-de2a09a92ecf h1:4V/wr14oWWL3r/LasPPlVTAfu38rP7dTevD8X85A4Bg=
github.com/deemount/gobpmnReflection v0.0.0-20240323202924-de2a09a92ecf/go.mod h1:i6Xabl5o2f8D32+IirY4bcPTsGRmCVxZM2DHOVtn9Do=
github.com/deemount/gobpmnTypes v0.0.0-20240323202946-75faa584e156 h1:4Y7RvcdZt9q/+a27peeqC4zNOTG3TjqXpDhsG6JOkqw=
github.com/deemount/gobpmnTypes v0.0.0-20240323202946-75faa584e156/go.mod h1:mXV5BK6Z0dIPHpEE6PGpvtfN9/ggcYJOWaGlgTd+FPY=
github.com/pmezard/go-difflib v1.0.0 h1:4DBwDE0NGyQoBHbLQYPwSUPoCMWR5BEzIk/f1lZbAQM=
github.com/pmezard/go-difflib v1.0.0/go.mod h1:iKH77koFhYxTK1pcRnkKkqfTogsbg7gZNVY4sRDYZ/4=
github.com/stretchr/testify v1.9.0 h1:HtqpIVDClZ4nwg75+f6Lvsy/wHu+3BoSGCbBAcpTsTg=
github.com/stretchr/testify v1.9.0/go.mod h1:r2ic/lqez/lEtzL7wO/rwa5dbSLXVDPFyf8C91i36aY=
gopkg.in/yaml.v3 v3.0.1 h1:fxVm/GzAzEWqLHuvctI91KS9hhNmmWOoWu0XTYJS7CA=
gopkg.in/yaml.v3 v3.0.1/go.mod h1:K4uyk7z7BCEPqu6E+C64Yfv1cQ7kz7rIZviUmN+EgEM=
